
Microsoft Visual Studio Solution File, Format Version 12.00
# Visual Studio Version 17
VisualStudioVersion = 17.7.34031.279
MinimumVisualStudioVersion = 10.0.40219.1
Project("{FAE04EC0-301F-11D3-BF4B-00C04F79EFBC}") = "PlgxUnpackerNet", "PlgxUnpackerNet\PlgxUnpackerNet.csproj", "{3C575110-636B-4837-99CD-B626C6320BAB}"
EndProject
Project("{2150E333-8FDC-42A3-9474-1A3956D46DE8}") = "Solution Items", "Solution Items", "{4C71008A-3BFC-4875-B4F5-2C55DF299EA4}"
	ProjectSection(SolutionItems) = preProject
		CHANGELOG.md = CHANGELOG.md
		GitAssemblyVersion.targets = GitAssemblyVersion.targets
		LICENSE = LICENSE
		PlgxUnpackerNet.nuspec = PlgxUnpackerNet.nuspec
		README.md = README.md
	EndProjectSection
EndProject
Project("{2150E333-8FDC-42A3-9474-1A3956D46DE8}") = ".build", ".build", "{8F9FC56D-C886-45DC-824B-8101E3AE7126}"
	ProjectSection(SolutionItems) = preProject
		.build\MSBuild.Community.Tasks.dll = .build\MSBuild.Community.Tasks.dll
		.build\MSBuild.Community.Tasks.Targets = .build\MSBuild.Community.Tasks.Targets
		.build\MSBuild.Community.Tasks.xml = .build\MSBuild.Community.Tasks.xml
		.build\MSBuild.Community.Tasks.xsd = .build\MSBuild.Community.Tasks.xsd
	EndProjectSection
EndProject
Project("{FAE04EC0-301F-11D3-BF4B-00C04F79EFBC}") = "PlgxUnpackerNet.Tests", "PlgxUnpackerNet.Tests\PlgxUnpackerNet.Tests.csproj", "{37093DC6-A996-473B-8EBB-EB10C4F53036}"
EndProject
Project("{2150E333-8FDC-42A3-9474-1A3956D46DE8}") = "Scripts", "Scripts", "{8898F8AC-226A-428C-9802-0B5B589932A4}"
	ProjectSection(SolutionItems) = preProject
		Scripts\createDummyPlugins.bat = Scripts\createDummyPlugins.bat
	EndProjectSection
EndProject
Project("{2150E333-8FDC-42A3-9474-1A3956D46DE8}") = "Resources", "Resources", "{66A53136-1BB1-4C66-83A6-DE364946B745}"
	ProjectSection(SolutionItems) = preProject
		Resources\KeePassDummyPlugin.version = Resources\KeePassDummyPlugin.version
	EndProjectSection
EndProject
Project("{FAE04EC0-301F-11D3-BF4B-00C04F79EFBC}") = "KeePassDummyPlugin", "Resources\KeePassDummyPlugin\KeePassDummyPlugin.csproj", "{1B60B9CA-B73D-4379-97F8-8275DF2D0C19}"
EndProject
Global
	GlobalSection(SolutionConfigurationPlatforms) = preSolution
		Debug|Any CPU = Debug|Any CPU
		Release|Any CPU = Release|Any CPU
	EndGlobalSection
	GlobalSection(ProjectConfigurationPlatforms) = postSolution
		{3C575110-636B-4837-99CD-B626C6320BAB}.Debug|Any CPU.ActiveCfg = Debug|Any CPU
		{3C575110-636B-4837-99CD-B626C6320BAB}.Debug|Any CPU.Build.0 = Debug|Any CPU
		{3C575110-636B-4837-99CD-B626C6320BAB}.Release|Any CPU.ActiveCfg = Release|Any CPU
		{3C575110-636B-4837-99CD-B626C6320BAB}.Release|Any CPU.Build.0 = Release|Any CPU
		{37093DC6-A996-473B-8EBB-EB10C4F53036}.Debug|Any CPU.ActiveCfg = Debug|Any CPU
		{37093DC6-A996-473B-8EBB-EB10C4F53036}.Debug|Any CPU.Build.0 = Debug|Any CPU
		{37093DC6-A996-473B-8EBB-EB10C4F53036}.Release|Any CPU.ActiveCfg = Release|Any CPU
		{37093DC6-A996-473B-8EBB-EB10C4F53036}.Release|Any CPU.Build.0 = Release|Any CPU
		{1B60B9CA-B73D-4379-97F8-8275DF2D0C19}.Debug|Any CPU.ActiveCfg = Debug|Any CPU
		{1B60B9CA-B73D-4379-97F8-8275DF2D0C19}.Debug|Any CPU.Build.0 = Debug|Any CPU
		{1B60B9CA-B73D-4379-97F8-8275DF2D0C19}.Release|Any CPU.ActiveCfg = Release|Any CPU
		{1B60B9CA-B73D-4379-97F8-8275DF2D0C19}.Release|Any CPU.Build.0 = Release|Any CPU
	EndGlobalSection
	GlobalSection(SolutionProperties) = preSolution
		HideSolutionNode = FALSE
	EndGlobalSection
	GlobalSection(NestedProjects) = preSolution
		{1B60B9CA-B73D-4379-97F8-8275DF2D0C19} = {66A53136-1BB1-4C66-83A6-DE364946B745}
	EndGlobalSection
	GlobalSection(ExtensibilityGlobals) = postSolution
		SolutionGuid = {9D3CBE83-29FC-49D9-B97E-002EA05A9322}
	EndGlobalSection
EndGlobal
